
Microsoft Visual Studio Solution File, Format Version 12.00
# Visual Studio Version 17
VisualStudioVersion = 17.14.36203.30 d17.14
MinimumVisualStudioVersion = 10.0.40219.1
Project("{FAE04EC0-301F-11D3-BF4B-00C04F79EFBC}") = "TrabajoIntegradorNumero1POO", "TrabajoIntegradorNumero1POO\TrabajoIntegradorNumero1POO.csproj", "{99FD205D-4E4C-44F6-9F09-5D93CE2072F1}"
EndProject
Global
	GlobalSection(SolutionConfigurationPlatforms) = preSolution
		Debug|Any CPU = Debug|Any CPU
		Release|Any CPU = Release|Any CPU
	EndGlobalSection
	GlobalSection(ProjectConfigurationPlatforms) = postSolution
		{99FD205D-4E4C-44F6-9F09-5D93CE2072F1}.Debug|Any CPU.ActiveCfg = Debug|Any CPU
		{99FD205D-4E4C-44F6-9F09-5D93CE2072F1}.Debug|Any CPU.Build.0 = Debug|Any CPU
		{99FD205D-4E4C-44F6-9F09-5D93CE2072F1}.Release|Any CPU.ActiveCfg = Release|Any CPU
		{99FD205D-4E4C-44F6-9F09-5D93CE2072F1}.Release|Any CPU.Build.0 = Release|Any CPU
	EndGlobalSection
	GlobalSection(SolutionProperties) = preSolution
		HideSolutionNode = FALSE
	EndGlobalSection
	GlobalSection(ExtensibilityGlobals) = postSolution
		SolutionGuid = {F9965F33-FEFE-48E3-BDD9-27CC24CF72EC}
	EndGlobalSection
EndGlobal
